{
  "requires": true,
  "lockfileVersion": 1,
  "dependencies": {
    "htop": {
      "version": "1.0.1",
      "resolved": "https://registry.npmjs.org/htop/-/htop-1.0.1.tgz",
      "integrity": "sha512-z6KySFgGbA2HfZ6BSiPh/WXjxa6bTqkqW5RstBkmjRg4SGFqcBgeVRgiZo3uWqbhjVpavTigfg1MknyeJzKqGw=="
    }
  }
}
